
Microsoft Visual Studio Solution File, Format Version 12.00
# Visual Studio Version 16
VisualStudioVersion = 16.0.30406.217
MinimumVisualStudioVersion = 10.0.40219.1
Project("{FAE04EC0-301F-11D3-BF4B-00C04F79EFBC}") = "GuessMyNumberGame", "GuessMyNumberGame\GuessMyNumberGame.csproj", "{2485D47B-4CEA-41AB-B880-83876F19A8B5}"
EndProject
Global
	GlobalSection(SolutionConfigurationPlatforms) = preSolution
		Debug|Any CPU = Debug|Any CPU
		Release|Any CPU = Release|Any CPU
	EndGlobalSection
	GlobalSection(ProjectConfigurationPlatforms) = postSolution
		{2485D47B-4CEA-41AB-B880-83876F19A8B5}.Debug|Any CPU.ActiveCfg = Debug|Any CPU
		{2485D47B-4CEA-41AB-B880-83876F19A8B5}.Debug|Any CPU.Build.0 = Debug|Any CPU
		{2485D47B-4CEA-41AB-B880-83876F19A8B5}.Release|Any CPU.ActiveCfg = Release|Any CPU
		{2485D47B-4CEA-41AB-B880-83876F19A8B5}.Release|Any CPU.Build.0 = Release|Any CPU
	EndGlobalSection
	GlobalSection(SolutionProperties) = preSolution
		HideSolutionNode = FALSE
	EndGlobalSection
	GlobalSection(ExtensibilityGlobals) = postSolution
		SolutionGuid = {C489ABBC-901B-47A9-A37B-677662C01721}
	EndGlobalSection
EndGlobal
